
Microsoft Visual Studio Solution File, Format Version 12.00
# Visual Studio Version 17
VisualStudioVersion = 17.4.33122.133
MinimumVisualStudioVersion = 10.0.40219.1
Project("{FAE04EC0-301F-11D3-BF4B-00C04F79EFBC}") = "course-work-server", "course-work-server\course-work-server.csproj", "{35387DD3-B8B8-4DBE-9C00-EBF099C7E110}"
EndProject
Global
	GlobalSection(SolutionConfigurationPlatforms) = preSolution
		Debug|Any CPU = Debug|Any CPU
		Release|Any CPU = Release|Any CPU
	EndGlobalSection
	GlobalSection(ProjectConfigurationPlatforms) = postSolution
		{35387DD3-B8B8-4DBE-9C00-EBF099C7E110}.Debug|Any CPU.ActiveCfg = Debug|Any CPU
		{35387DD3-B8B8-4DBE-9C00-EBF099C7E110}.Debug|Any CPU.Build.0 = Debug|Any CPU
		{35387DD3-B8B8-4DBE-9C00-EBF099C7E110}.Release|Any CPU.ActiveCfg = Release|Any CPU
		{35387DD3-B8B8-4DBE-9C00-EBF099C7E110}.Release|Any CPU.Build.0 = Release|Any CPU
	EndGlobalSection
	GlobalSection(SolutionProperties) = preSolution
		HideSolutionNode = FALSE
	EndGlobalSection
	GlobalSection(ExtensibilityGlobals) = postSolution
		SolutionGuid = {ED993AD7-E6D7-4E2E-B13B-34C117801390}
	EndGlobalSection
EndGlobal
